{
  "name": "v2-aws-pricing",
  "version": "1.0.0",
  "lockfileVersion": 3,
  "requires": true,
  "packages": {
    "": {
      "name": "v2-aws-pricing",
      "version": "1.0.0",
      "license": "ISC",
      "dependencies": {
        "@types/google-apps-script": "^1.0.56"
      },
      "devDependencies": {
        "clasp": "^1.0.0"
      }
    },
    "node_modules/.pnpm/@types+google-apps-script@1.0.56/node_modules/@types/google-apps-script": {
      "version": "1.0.56",
      "license": "MIT"
    },
    "node_modules/.pnpm/clasp@1.0.0/node_modules/clasp": {
      "version": "1.0.0",
      "dev": true,
      "hasInstallScript": true,
      "license": "MIT"
    },
    "node_modules/@types/google-apps-script": {
      "resolved": "node_modules/.pnpm/@types+google-apps-script@1.0.56/node_modules/@types/google-apps-script",
      "link": true
    },
    "node_modules/clasp": {
      "resolved": "node_modules/.pnpm/clasp@1.0.0/node_modules/clasp",
      "link": true
    }
  }
}
